
Microsoft Visual Studio Solution File, Format Version 12.00
# Visual Studio Version 17
VisualStudioVersion = 17.9.34728.123
MinimumVisualStudioVersion = 10.0.40219.1
Project("{FAE04EC0-301F-11D3-BF4B-00C04F79EFBC}") = "myFirstApi", "myFirstApi\myFirstApi.csproj", "{3DCDF258-4D35-4891-AA86-BCDAD46C9539}"
EndProject
Global
	GlobalSection(SolutionConfigurationPlatforms) = preSolution
		Debug|Any CPU = Debug|Any CPU
		Release|Any CPU = Release|Any CPU
	EndGlobalSection
	GlobalSection(ProjectConfigurationPlatforms) = postSolution
		{3DCDF258-4D35-4891-AA86-BCDAD46C9539}.Debug|Any CPU.ActiveCfg = Debug|Any CPU
		{3DCDF258-4D35-4891-AA86-BCDAD46C9539}.Debug|Any CPU.Build.0 = Debug|Any CPU
		{3DCDF258-4D35-4891-AA86-BCDAD46C9539}.Release|Any CPU.ActiveCfg = Release|Any CPU
		{3DCDF258-4D35-4891-AA86-BCDAD46C9539}.Release|Any CPU.Build.0 = Release|Any CPU
	EndGlobalSection
	GlobalSection(SolutionProperties) = preSolution
		HideSolutionNode = FALSE
	EndGlobalSection
	GlobalSection(ExtensibilityGlobals) = postSolution
		SolutionGuid = {CB85ABCA-3FE7-4C70-A23B-C080B36CEDB5}
	EndGlobalSection
EndGlobal
